
Microsoft Visual Studio Solution File, Format Version 12.00
Project("{FAE04EC0-301F-11D3-BF4B-00C04F79EFBC}") = "Zajecia1", "Zajecia1\Zajecia1.csproj", "{01F31834-2F4C-4892-BD68-427403FA1236}"
EndProject
Global
	GlobalSection(SolutionConfigurationPlatforms) = preSolution
		Debug|Any CPU = Debug|Any CPU
		Release|Any CPU = Release|Any CPU
	EndGlobalSection
	GlobalSection(ProjectConfigurationPlatforms) = postSolution
		{01F31834-2F4C-4892-BD68-427403FA1236}.Debug|Any CPU.ActiveCfg = Debug|Any CPU
		{01F31834-2F4C-4892-BD68-427403FA1236}.Debug|Any CPU.Build.0 = Debug|Any CPU
		{01F31834-2F4C-4892-BD68-427403FA1236}.Release|Any CPU.ActiveCfg = Release|Any CPU
		{01F31834-2F4C-4892-BD68-427403FA1236}.Release|Any CPU.Build.0 = Release|Any CPU
	EndGlobalSection
EndGlobal
